// !$*UTF8*$!
{
	archiveVersion = 1;
	classes = {
	};
	objectVersion = 50;
	objects = {

/* Begin PBXBuildFile section */
		784CCD7E2676C1EC005EDF8D /* AppDelegate.swift in Sources */ = {isa = PBXBuildFile; fileRef = 784CCD7D2676C1EC005EDF8D /* AppDelegate.swift */; };
		784CCD802676C1EC005EDF8D /* SceneDelegate.swift in Sources */ = {isa = PBXBuildFile; fileRef = 784CCD7F2676C1EC005EDF8D /* SceneDelegate.swift */; };
		784CCD822676C1EC005EDF8D /* ViewController.swift in Sources */ = {isa = PBXBuildFile; fileRef = 784CCD812676C1EC005EDF8D /* ViewController.swift */; };
		784CCD852676C1EC005EDF8D /* Main.storyboard in Resources */ = {isa = PBXBuildFile; fileRef = 784CCD832676C1EC005EDF8D /* Main.storyboard */; };
		784CCD872676C1F9005EDF8D /* Assets.xcassets in Resources */ = {isa = PBXBuildFile; fileRef = 784CCD862676C1F9005EDF8D /* Assets.xcassets */; };
		784CCD8A2676C1F9005EDF8D /* LaunchScreen.storyboard in Resources */ = {isa = PBXBuildFile; fileRef = 784CCD882676C1F9005EDF8D /* LaunchScreen.storyboard */; };
/* End PBXBuildFile section */

/* Begin PBXFileReference section */
		784CCD7A2676C1EC005EDF8D /* RandomHelloWorld.app */ = {isa = PBXFileReference; explicitFileType = wrapper.application; includeInIndex = 0; path = RandomHelloWorld.app; sourceTree = BUILT_PRODUCTS_DIR; };
		784CCD7D2676C1EC005EDF8D /* AppDelegate.swift */ = {isa = PBXFileReference; lastKnownFileType = sourcecode.swift; path = AppDelegate.swift; sourceTree = "<group>"; };
		784CCD7F2676C1EC005EDF8D /* SceneDelegate.swift */ = {isa = PBXFileReference; lastKnownFileType = sourcecode.swift; path = SceneDelegate.swift; sourceTree = "<group>"; };
		784CCD812676C1EC005EDF8D /* ViewController.swift */ = {isa = PBXFileReference; lastKnownFileType = sourcecode.swift; path = ViewController.swift; sourceTree = "<group>"; };
		784CCD842676C1EC005EDF8D /* Base */ = {isa = PBXFileReference; lastKnownFileType = file.storyboard; name = Base; path = Base.lproj/Main.storyboard; sourceTree = "<group>"; };
		784CCD862676C1F9005EDF8D /* Assets.xcassets */ = {isa = PBXFileReference; lastKnownFileType = folder.assetcatalog; path = Assets.xcassets; sourceTree = "<group>"; };
		784CCD892676C1F9005EDF8D /* Base */ = {isa = PBXFileReference; lastKnownFileType = file.storyboard; name = Base; path = Base.lproj/LaunchScreen.storyboard; sourceTree = "<group>"; };
		784CCD8B2676C1F9005EDF8D /* Info.plist */ = {isa = PBXFileReference; lastKnownFileType = text.plist.xml; path = Info.plist; sourceTree = "<group>"; };
/* End PBXFileReference section */

/* Begin PBXFrameworksBuildPhase section */
		784CCD772676C1EC005EDF8D /* Frameworks */ = {
			isa = PBXFrameworksBuildPhase;
			buildActionMask = 2147483647;
			files = (
			);
			runOnlyForDeploymentPostprocessing = 0;
		};
/* End PBXFrameworksBuildPhase section */

/* Begin PBXGroup section */
		784CCD712676C1EC005EDF8D = {
			isa = PBXGroup;
			children = (
				784CCD7C2676C1EC005EDF8D /* RandomHelloWorld */,
				784CCD7B2676C1EC005EDF8D /* Products */,
			);
			sourceTree = "<group>";
		};
		784CCD7B2676C1EC005EDF8D /* Products */ = {
			isa = PBXGroup;
			children = (
				784CCD7A2676C1EC005EDF8D /* RandomHelloWorld.app */,
			);
			name = Products;
			sourceTree = "<group>";
		};
		784CCD7C2676C1EC005EDF8D /* RandomHelloWorld */ = {
			isa = PBXGroup;
			children = (
				784CCD7D2676C1EC005EDF8D /* AppDelegate.swift */,
				784CCD7F2676C1EC005EDF8D /* SceneDelegate.swift */,
				784CCD812676C1EC005EDF8D /* ViewController.swift */,
				784CCD832676C1EC005EDF8D /* Main.storyboard */,
				784CCD862676C1F9005EDF8D /* Assets.xcassets */,
				784CCD882676C1F9005EDF8D /* LaunchScreen.storyboard */,
				784CCD8B2676C1F9005EDF8D /* Info.plist */,
			);
			path = RandomHelloWorld;
			sourceTree = "<group>";
		};
/* End PBXGroup section */

/* Begin PBXNativeTarget section */
		784CCD792676C1EC005EDF8D /* RandomHelloWorld */ = {
			isa = PBXNativeTarget;
			buildConfigurationList = 784CCD8E2676C1F9005EDF8D /* Build configuration list for PBXNativeTarget "RandomHelloWorld" */;
			buildPhases = (
				784CCD762676C1EC005EDF8D /* Sources */,
				784CCD772676C1EC005EDF8D /* Frameworks */,
				784CCD782676C1EC005EDF8D /* Resources */,
			);
			buildRules = (
			);
			dependencies = (
			);
			name = RandomHelloWorld;
			productName = RandomHelloWorld;
			productReference = 784CCD7A2676C1EC005EDF8D /* RandomHelloWorld.app */;
			productType = "com.apple.product-type.application";
		};
/* End PBXNativeTarget section */

/* Begin PBXProject section */
		784CCD722676C1EC005EDF8D /* Project object */ = {
			isa = PBXProject;
			attributes = {
				LastSwiftUpdateCheck = 1250;
				LastUpgradeCheck = 1250;
				TargetAttributes = {
					784CCD792676C1EC005EDF8D = {
						CreatedOnToolsVersion = 12.5;
					};
				};
			};
			buildConfigurationList = 784CCD752676C1EC005EDF8D /* Build configuration list for PBXProject "RandomHelloWorld" */;
			compatibilityVersion = "Xcode 9.3";
			developmentRegion = en;
			hasScannedForEncodings = 0;
			knownRegions = (
				en,
				Base,
			);
			mainGroup = 784CCD712676C1EC005EDF8D;
			productRefGroup = 784CCD7B2676C1EC005EDF8D /* Products */;
			projectDirPath = "";
			projectRoot = "";
			targets = (
				784CCD792676C1EC005EDF8D /* RandomHelloWorld */,
			);
		};
/* End PBXProject section */

/* Begin PBXResourcesBuildPhase section */
		784CCD782676C1EC005EDF8D /* Resources */ = {
			isa = PBXResourcesBuildPhase;
			buildActionMask = 2147483647;
			files = (
				784CCD8A2676C1F9005EDF8D /* LaunchScreen.storyboard in Resources */,
				784CCD872676C1F9005EDF8D /* Assets.xcassets in Resources */,
				784CCD852676C1EC005EDF8D /* Main.storyboard in Resources */,
			);
			runOnlyForDeploymentPostprocessing = 0;
		};
/* End PBXResourcesBuildPhase section */

/* Begin PBXSourcesBuildPhase section */
		784CCD762676C1EC005EDF8D /* Sources */ = {
			isa = PBXSourcesBuildPhase;
			buildActionMask = 2147483647;
			files = (
				784CCD822676C1EC005EDF8D /* ViewController.swift in Sources */,
				784CCD7E2676C1EC005EDF8D /* AppDelegate.swift in Sources */,
				784CCD802676C1EC005EDF8D /* SceneDelegate.swift in Sources */,
			);
			runOnlyForDeploymentPostprocessing = 0;
		};
/* End PBXSourcesBuildPhase section */

/* Begin PBXVariantGroup section */
		784CCD832676C1EC005EDF8D /* Main.storyboard */ = {
			isa = PBXVariantGroup;
			children = (
				784CCD842676C1EC005EDF8D /* Base */,
			);
			name = Main.storyboard;
			sourceTree = "<group>";
		};
		784CCD882676C1F9005EDF8D /* LaunchScreen.storyboard */ = {
			isa = PBXVariantGroup;
			children = (
				784CCD892676C1F9005EDF8D /* Base */,
			);
			name = LaunchScreen.storyboard;
			sourceTree = "<group>";
		};
/* End PBXVariantGroup section */

/* Begin XCBuildConfiguration section */
		784CCD8C2676C1F9005EDF8D /* Debug */ = {
			isa = XCBuildConfiguration;
			buildSettings = {
				ALWAYS_SEARCH_USER_PATHS = NO;
				CLANG_ANALYZER_NONNULL = YES;
				CLANG_ANALYZER_NUMBER_OBJECT_CONVERSION = YES_AGGRESSIVE;
				CLANG_CXX_LANGUAGE_STANDARD = "gnu++14";
				CLANG_CXX_LIBRARY = "libc++";
				CLANG_ENABLE_MODULES = YES;
				CLANG_ENABLE_OBJC_ARC = YES;
				CLANG_ENABLE_OBJC_WEAK = YES;
				CLANG_WARN_BLOCK_CAPTURE_AUTORELEASING = YES;
				CLANG_WARN_BOOL_CONVERSION = YES;
				CLANG_WARN_COMMA = YES;
				CLANG_WARN_CONSTANT_CONVERSION = YES;
				CLANG_WARN_DEPRECATED_OBJC_IMPLEMENTATIONS = YES;
				CLANG_WARN_DIRECT_OBJC_ISA_USAGE = YES_ERROR;
				CLANG_WARN_DOCUMENTATION_COMMENTS = YES;
				CLANG_WARN_EMPTY_BODY = YES;
				CLANG_WARN_ENUM_CONVERSION = YES;
				CLANG_WARN_INFINITE_RECURSION = YES;
				CLANG_WARN_INT_CONVERSION = YES;
				CLANG_WARN_NON_LITERAL_NULL_CONVERSION = YES;
				CLANG_WARN_OBJC_IMPLICIT_RETAIN_SELF = YES;
				CLANG_WARN_OBJC_LITERAL_CONVERSION = YES;
				CLANG_WARN_OBJC_ROOT_CLASS = YES_ERROR;
				CLANG_WARN_QUOTED_INCLUDE_IN_FRAMEWORK_HEADER = YES;
				CLANG_WARN_RANGE_LOOP_ANALYSIS = YES;
				CLANG_WARN_STRICT_PROTOTYPES = YES;
				CLANG_WARN_SUSPICIOUS_MOVE = YES;
				CLANG_WARN_UNGUARDED_AVAILABILITY = YES_AGGRESSIVE;
				CLANG_WARN_UNREACHABLE_CODE = YES;
				CLANG_WARN__DUPLICATE_METHOD_MATCH = YES;
				COPY_PHASE_STRIP = NO;
				DEBUG_INFORMATION_FORMAT = dwarf;
				ENABLE_STRICT_OBJC_MSGSEND = YES;
				ENABLE_TESTABILITY = YES;
				GCC_C_LANGUAGE_STANDARD = gnu11;
				GCC_DYNAMIC_NO_PIC = NO;
				GCC_NO_COMMON_BLOCKS = YES;
				GCC_OPTIMIZATION_LEVEL = 0;
				GCC_PREPROCESSOR_DEFINITIONS = (
					"DEBUG=1",
					"$(inherited)",
				);
				GCC_WARN_64_TO_32_BIT_CONVERSION = YES;
				GCC_WARN_ABOUT_RETURN_TYPE = YES_ERROR;
				GCC_WARN_UNDECLARED_SELECTOR = YES;
				GCC_WARN_UNINITIALIZED_AUTOS = YES_AGGRESSIVE;
				GCC_WARN_UNUSED_FUNCTION = YES;
				GCC_WARN_UNUSED_VARIABLE = YES;
				IPHONEOS_DEPLOYMENT_TARGET = 14.5;
				MTL_ENABLE_DEBUG_INFO = INCLUDE_SOURCE;
				MTL_FAST_MATH = YES;
				ONLY_ACTIVE_ARCH = YES;
				SDKROOT = iphoneos;
				SWIFT_ACTIVE_COMPILATION_CONDITIONS = DEBUG;
				SWIFT_OPTIMIZATION_LEVEL = "-Onone";
			};
			name = Debug;
		};
		784CCD8D2676C1F9005EDF8D /* Release */ = {
			isa = XCBuildConfiguration;
			buildSettings = {
				ALWAYS_SEARCH_USER_PATHS = NO;
				CLANG_ANALYZER_NONNULL = YES;
				CLANG_ANALYZER_NUMBER_OBJECT_CONVERSION = YES_AGGRESSIVE;
				CLANG_CXX_LANGUAGE_STANDARD = "gnu++14";
				CLANG_CXX_LIBRARY = "libc++";
				CLANG_ENABLE_MODULES = YES;
				CLANG_ENABLE_OBJC_ARC = YES;
				CLANG_ENABLE_OBJC_WEAK = YES;
				CLANG_WARN_BLOCK_CAPTURE_AUTORELEASING = YES;
				CLANG_WARN_BOOL_CONVERSION = YES;
				CLANG_WARN_COMMA = YES;
				CLANG_WARN_CONSTANT_CONVERSION = YES;
				CLANG_WARN_DEPRECATED_OBJC_IMPLEMENTATIONS = YES;
				CLANG_WARN_DIRECT_OBJC_ISA_USAGE = YES_ERROR;
				CLANG_WARN_DOCUMENTATION_COMMENTS = YES;
				CLANG_WARN_EMPTY_BODY = YES;
				CLANG_WARN_ENUM_CONVERSION = YES;
				CLANG_WARN_INFINITE_RECURSION = YES;
				CLANG_WARN_INT_CONVERSION = YES;
				CLANG_WARN_NON_LITERAL_NULL_CONVERSION = YES;
				CLANG_WARN_OBJC_IMPLICIT_RETAIN_SELF = YES;
				CLANG_WARN_OBJC_LITERAL_CONVERSION = YES;
				CLANG_WARN_OBJC_ROOT_CLASS = YES_ERROR;
				CLANG_WARN_QUOTED_INCLUDE_IN_FRAMEWORK_HEADER = YES;
				CLANG_WARN_RANGE_LOOP_ANALYSIS = YES;
				CLANG_WARN_STRICT_PROTOTYPES = YES;
				CLANG_WARN_SUSPICIOUS_MOVE = YES;
				CLANG_WARN_UNGUARDED_AVAILABILITY = YES_AGGRESSIVE;
				CLANG_WARN_UNREACHABLE_CODE = YES;
				CLANG_WARN__DUPLICATE_METHOD_MATCH = YES;
				COPY_PHASE_STRIP = NO;
				DEBUG_INFORMATION_FORMAT = "dwarf-with-dsym";
				ENABLE_NS_ASSERTIONS = NO;
				ENABLE_STRICT_OBJC_MSGSEND = YES;
				GCC_C_LANGUAGE_STANDARD = gnu11;
				GCC_NO_COMMON_BLOCKS = YES;
				GCC_WARN_64_TO_32_BIT_CONVERSION = YES;
				GCC_WARN_ABOUT_RETURN_TYPE = YES_ERROR;
				GCC_WARN_UNDECLARED_SELECTOR = YES;
				GCC_WARN_UNINITIALIZED_AUTOS = YES_AGGRESSIVE;
				GCC_WARN_UNUSED_FUNCTION = YES;
				GCC_WARN_UNUSED_VARIABLE = YES;
				IPHONEOS_DEPLOYMENT_TARGET = 14.5;
				MTL_ENABLE_DEBUG_INFO = NO;
				MTL_FAST_MATH = YES;
				SDKROOT = iphoneos;
				SWIFT_COMPILATION_MODE = wholemodule;
				SWIFT_OPTIMIZATION_LEVEL = "-O";
				VALIDATE_PRODUCT = YES;
			};
			name = Release;
		};
		784CCD8F2676C1F9005EDF8D /* Debug */ = {
			isa = XCBuildConfiguration;
			buildSettings = {
				ASSETCATALOG_COMPILER_APPICON_NAME = AppIcon;
				ASSETCATALOG_COMPILER_GLOBAL_ACCENT_COLOR_NAME = AccentColor;
				CODE_SIGN_STYLE = Automatic;
				DEVELOPMENT_TEAM = WLD7HPQ299;
				INFOPLIST_FILE = RandomHelloWorld/Info.plist;
				IPHONEOS_DEPLOYMENT_TARGET = 14.3;
				LD_RUNPATH_SEARCH_PATHS = (
					"$(inherited)",
					"@executable_path/Frameworks",
				);
				PRODUCT_BUNDLE_IDENTIFIER = com.CarolinaSolis.RandomHelloWorld;
				PRODUCT_NAME = "$(TARGET_NAME)";
				SWIFT_VERSION = 5.0;
				TARGETED_DEVICE_FAMILY = "1,2";
			};
			name = Debug;
		};
		784CCD902676C1F9005EDF8D /* Release */ = {
			isa = XCBuildConfiguration;
			buildSettings = {
				ASSETCATALOG_COMPILER_APPICON_NAME = AppIcon;
				ASSETCATALOG_COMPILER_GLOBAL_ACCENT_COLOR_NAME = AccentColor;
				CODE_SIGN_STYLE = Automatic;
				DEVELOPMENT_TEAM = WLD7HPQ299;
				INFOPLIST_FILE = RandomHelloWorld/Info.plist;
				IPHONEOS_DEPLOYMENT_TARGET = 14.3;
				LD_RUNPATH_SEARCH_PATHS = (
					"$(inherited)",
					"@executable_path/Frameworks",
				);
				PRODUCT_BUNDLE_IDENTIFIER = com.CarolinaSolis.RandomHelloWorld;
				PRODUCT_NAME = "$(TARGET_NAME)";
				SWIFT_VERSION = 5.0;
				TARGETED_DEVICE_FAMILY = "1,2";
			};
			name = Release;
		};
/* End XCBuildConfiguration section */

/* Begin XCConfigurationList section */
		784CCD752676C1EC005EDF8D /* Build configuration list for PBXProject "RandomHelloWorld" */ = {
			isa = XCConfigurationList;
			buildConfigurations = (
				784CCD8C2676C1F9005EDF8D /* Debug */,
				784CCD8D2676C1F9005EDF8D /* Release */,
			);
			defaultConfigurationIsVisible = 0;
			defaultConfigurationName = Release;
		};
		784CCD8E2676C1F9005EDF8D /* Build configuration list for PBXNativeTarget "RandomHelloWorld" */ = {
			isa = XCConfigurationList;
			buildConfigurations = (
				784CCD8F2676C1F9005EDF8D /* Debug */,
				784CCD902676C1F9005EDF8D /* Release */,
			);
			defaultConfigurationIsVisible = 0;
			defaultConfigurationName = Release;
		};
/* End XCConfigurationList section */
	};
	rootObject = 784CCD722676C1EC005EDF8D /* Project object */;
}
